
Microsoft Visual Studio Solution File, Format Version 12.00
# Visual Studio Version 16
VisualStudioVersion = 16.0.31205.134
MinimumVisualStudioVersion = 10.0.40219.1
Project("{8BC9CEB8-8B4A-11D0-8D11-00A0C91BC942}") = "CBSE_dll_import", "CBSE_dll_import\CBSE_dll_import.vcxproj", "{FA833EA9-59FB-4441-A76C-FB739A1B4765}"
EndProject
Global
	GlobalSection(SolutionConfigurationPlatforms) = preSolution
		Debug|x64 = Debug|x64
		Debug|x86 = Debug|x86
		Release|x64 = Release|x64
		Release|x86 = Release|x86
	EndGlobalSection
	GlobalSection(ProjectConfigurationPlatforms) = postSolution
		{FA833EA9-59FB-4441-A76C-FB739A1B4765}.Debug|x64.ActiveCfg = Debug|x64
		{FA833EA9-59FB-4441-A76C-FB739A1B4765}.Debug|x64.Build.0 = Debug|x64
		{FA833EA9-59FB-4441-A76C-FB739A1B4765}.Debug|x86.ActiveCfg = Debug|Win32
		{FA833EA9-59FB-4441-A76C-FB739A1B4765}.Debug|x86.Build.0 = Debug|Win32
		{FA833EA9-59FB-4441-A76C-FB739A1B4765}.Release|x64.ActiveCfg = Release|x64
		{FA833EA9-59FB-4441-A76C-FB739A1B4765}.Release|x64.Build.0 = Release|x64
		{FA833EA9-59FB-4441-A76C-FB739A1B4765}.Release|x86.ActiveCfg = Release|Win32
		{FA833EA9-59FB-4441-A76C-FB739A1B4765}.Release|x86.Build.0 = Release|Win32
	EndGlobalSection
	GlobalSection(SolutionProperties) = preSolution
		HideSolutionNode = FALSE
	EndGlobalSection
	GlobalSection(ExtensibilityGlobals) = postSolution
		SolutionGuid = {00992DE6-56DF-4027-8813-DD115831BB37}
	EndGlobalSection
EndGlobal
